
Microsoft Visual Studio Solution File, Format Version 12.00
# Visual Studio Version 16
VisualStudioVersion = 16.0.31321.278
MinimumVisualStudioVersion = 10.0.40219.1
Project("{9A19103F-16F7-4668-BE54-9A1E7A4F7556}") = "StaticFilesApi", "StaticFilesApi\StaticFilesApi.csproj", "{08167E0B-57CE-4247-84A2-051F155DFBC9}"
EndProject
Global
	GlobalSection(SolutionConfigurationPlatforms) = preSolution
		Debug|Any CPU = Debug|Any CPU
		Release|Any CPU = Release|Any CPU
	EndGlobalSection
	GlobalSection(ProjectConfigurationPlatforms) = postSolution
		{08167E0B-57CE-4247-84A2-051F155DFBC9}.Debug|Any CPU.ActiveCfg = Debug|Any CPU
		{08167E0B-57CE-4247-84A2-051F155DFBC9}.Debug|Any CPU.Build.0 = Debug|Any CPU
		{08167E0B-57CE-4247-84A2-051F155DFBC9}.Release|Any CPU.ActiveCfg = Release|Any CPU
		{08167E0B-57CE-4247-84A2-051F155DFBC9}.Release|Any CPU.Build.0 = Release|Any CPU
	EndGlobalSection
	GlobalSection(SolutionProperties) = preSolution
		HideSolutionNode = FALSE
	EndGlobalSection
	GlobalSection(ExtensibilityGlobals) = postSolution
		SolutionGuid = {468BFAC6-C6CF-408C-AAF5-BC27945B004C}
	EndGlobalSection
EndGlobal
